
Microsoft Visual Studio Solution File, Format Version 12.00
# Visual Studio Version 17
VisualStudioVersion = 17.8.34330.188
MinimumVisualStudioVersion = 10.0.40219.1
Project("{FAE04EC0-301F-11D3-BF4B-00C04F79EFBC}") = "POST Of Sale", "POST Of Sale.csproj", "{DDEFDD0B-559E-4E3F-82A8-33AFD6ED907F}"
EndProject
Global
	GlobalSection(SolutionConfigurationPlatforms) = preSolution
		Debug|Any CPU = Debug|Any CPU
		Release|Any CPU = Release|Any CPU
	EndGlobalSection
	GlobalSection(ProjectConfigurationPlatforms) = postSolution
		{DDEFDD0B-559E-4E3F-82A8-33AFD6ED907F}.Debug|Any CPU.ActiveCfg = Debug|Any CPU
		{DDEFDD0B-559E-4E3F-82A8-33AFD6ED907F}.Debug|Any CPU.Build.0 = Debug|Any CPU
		{DDEFDD0B-559E-4E3F-82A8-33AFD6ED907F}.Release|Any CPU.ActiveCfg = Release|Any CPU
		{DDEFDD0B-559E-4E3F-82A8-33AFD6ED907F}.Release|Any CPU.Build.0 = Release|Any CPU
	EndGlobalSection
	GlobalSection(SolutionProperties) = preSolution
		HideSolutionNode = FALSE
	EndGlobalSection
	GlobalSection(ExtensibilityGlobals) = postSolution
		SolutionGuid = {4C02F03C-49EE-44DA-A4CD-FEBB29AEF0EA}
	EndGlobalSection
EndGlobal
